// !$*UTF8*$!
{
	archiveVersion = 1;
	classes = {
	};
	objectVersion = 56;
	objects = {

/* Begin PBXBuildFile section */
		81F2C2FF2C58E99F00921CAD /* iosApp.swift in Sources */ = {isa = PBXBuildFile; fileRef = 81F2C2FE2C58E99F00921CAD /* iosApp.swift */; };
		81F2C3012C58E99F00921CAD /* ContentView.swift in Sources */ = {isa = PBXBuildFile; fileRef = 81F2C3002C58E99F00921CAD /* ContentView.swift */; };
		81F2C3032C58E9A000921CAD /* Assets.xcassets in Resources */ = {isa = PBXBuildFile; fileRef = 81F2C3022C58E9A000921CAD /* Assets.xcassets */; };
		81F2C3072C58E9A000921CAD /* Preview Assets.xcassets in Resources */ = {isa = PBXBuildFile; fileRef = 81F2C3062C58E9A000921CAD /* Preview Assets.xcassets */; };
		81F2C3112C58E9A000921CAD /* iosTests.swift in Sources */ = {isa = PBXBuildFile; fileRef = 81F2C3102C58E9A000921CAD /* iosTests.swift */; };
		81F2C31B2C58E9A000921CAD /* iosUITests.swift in Sources */ = {isa = PBXBuildFile; fileRef = 81F2C31A2C58E9A000921CAD /* iosUITests.swift */; };
		81F2C31D2C58E9A000921CAD /* iosUITestsLaunchTests.swift in Sources */ = {isa = PBXBuildFile; fileRef = 81F2C31C2C58E9A000921CAD /* iosUITestsLaunchTests.swift */; };
/* End PBXBuildFile section */

/* Begin PBXContainerItemProxy section */
		81F2C30D2C58E9A000921CAD /* PBXContainerItemProxy */ = {
			isa = PBXContainerItemProxy;
			containerPortal = 81F2C2F32C58E99F00921CAD /* Project object */;
			proxyType = 1;
			remoteGlobalIDString = 81F2C2FA2C58E99F00921CAD;
			remoteInfo = ios;
		};
		81F2C3172C58E9A000921CAD /* PBXContainerItemProxy */ = {
			isa = PBXContainerItemProxy;
			containerPortal = 81F2C2F32C58E99F00921CAD /* Project object */;
			proxyType = 1;
			remoteGlobalIDString = 81F2C2FA2C58E99F00921CAD;
			remoteInfo = ios;
		};
/* End PBXContainerItemProxy section */

/* Begin PBXFileReference section */
		81282BBA2C590C8200A0E869 /* Info.plist */ = {isa = PBXFileReference; lastKnownFileType = text.plist; path = Info.plist; sourceTree = "<group>"; };
		81F2C2FB2C58E99F00921CAD /* ios.app */ = {isa = PBXFileReference; explicitFileType = wrapper.application; includeInIndex = 0; path = ios.app; sourceTree = BUILT_PRODUCTS_DIR; };
		81F2C2FE2C58E99F00921CAD /* iosApp.swift */ = {isa = PBXFileReference; lastKnownFileType = sourcecode.swift; path = iosApp.swift; sourceTree = "<group>"; };
		81F2C3002C58E99F00921CAD /* ContentView.swift */ = {isa = PBXFileReference; lastKnownFileType = sourcecode.swift; path = ContentView.swift; sourceTree = "<group>"; };
		81F2C3022C58E9A000921CAD /* Assets.xcassets */ = {isa = PBXFileReference; lastKnownFileType = folder.assetcatalog; path = Assets.xcassets; sourceTree = "<group>"; };
		81F2C3042C58E9A000921CAD /* ios.entitlements */ = {isa = PBXFileReference; lastKnownFileType = text.plist.entitlements; path = ios.entitlements; sourceTree = "<group>"; };
		81F2C3062C58E9A000921CAD /* Preview Assets.xcassets */ = {isa = PBXFileReference; lastKnownFileType = folder.assetcatalog; path = "Preview Assets.xcassets"; sourceTree = "<group>"; };
		81F2C30C2C58E9A000921CAD /* iosTests.xctest */ = {isa = PBXFileReference; explicitFileType = wrapper.cfbundle; includeInIndex = 0; path = iosTests.xctest; sourceTree = BUILT_PRODUCTS_DIR; };
		81F2C3102C58E9A000921CAD /* iosTests.swift */ = {isa = PBXFileReference; lastKnownFileType = sourcecode.swift; path = iosTests.swift; sourceTree = "<group>"; };
		81F2C3162C58E9A000921CAD /* iosUITests.xctest */ = {isa = PBXFileReference; explicitFileType = wrapper.cfbundle; includeInIndex = 0; path = iosUITests.xctest; sourceTree = BUILT_PRODUCTS_DIR; };
		81F2C31A2C58E9A000921CAD /* iosUITests.swift */ = {isa = PBXFileReference; lastKnownFileType = sourcecode.swift; path = iosUITests.swift; sourceTree = "<group>"; };
		81F2C31C2C58E9A000921CAD /* iosUITestsLaunchTests.swift */ = {isa = PBXFileReference; lastKnownFileType = sourcecode.swift; path = iosUITestsLaunchTests.swift; sourceTree = "<group>"; };
/* End PBXFileReference section */

/* Begin PBXFrameworksBuildPhase section */
		81F2C2F82C58E99F00921CAD /* Frameworks */ = {
			isa = PBXFrameworksBuildPhase;
			buildActionMask = 2147483647;
			files = (
			);
			runOnlyForDeploymentPostprocessing = 0;
		};
		81F2C3092C58E9A000921CAD /* Frameworks */ = {
			isa = PBXFrameworksBuildPhase;
			buildActionMask = 2147483647;
			files = (
			);
			runOnlyForDeploymentPostprocessing = 0;
		};
		81F2C3132C58E9A000921CAD /* Frameworks */ = {
			isa = PBXFrameworksBuildPhase;
			buildActionMask = 2147483647;
			files = (
			);
			runOnlyForDeploymentPostprocessing = 0;
		};
/* End PBXFrameworksBuildPhase section */

/* Begin PBXGroup section */
		81F2C2F22C58E99F00921CAD = {
			isa = PBXGroup;
			children = (
				81F2C2FD2C58E99F00921CAD /* ios */,
				81F2C30F2C58E9A000921CAD /* iosTests */,
				81F2C3192C58E9A000921CAD /* iosUITests */,
				81F2C2FC2C58E99F00921CAD /* Products */,
			);
			sourceTree = "<group>";
		};
		81F2C2FC2C58E99F00921CAD /* Products */ = {
			isa = PBXGroup;
			children = (
				81F2C2FB2C58E99F00921CAD /* ios.app */,
				81F2C30C2C58E9A000921CAD /* iosTests.xctest */,
				81F2C3162C58E9A000921CAD /* iosUITests.xctest */,
			);
			name = Products;
			sourceTree = "<group>";
		};
		81F2C2FD2C58E99F00921CAD /* ios */ = {
			isa = PBXGroup;
			children = (
				81282BBA2C590C8200A0E869 /* Info.plist */,
				81F2C2FE2C58E99F00921CAD /* iosApp.swift */,
				81F2C3002C58E99F00921CAD /* ContentView.swift */,
				81F2C3022C58E9A000921CAD /* Assets.xcassets */,
				81F2C3042C58E9A000921CAD /* ios.entitlements */,
				81F2C3052C58E9A000921CAD /* Preview Content */,
			);
			path = ios;
			sourceTree = "<group>";
		};
		81F2C3052C58E9A000921CAD /* Preview Content */ = {
			isa = PBXGroup;
			children = (
				81F2C3062C58E9A000921CAD /* Preview Assets.xcassets */,
			);
			path = "Preview Content";
			sourceTree = "<group>";
		};
		81F2C30F2C58E9A000921CAD /* iosTests */ = {
			isa = PBXGroup;
			children = (
				81F2C3102C58E9A000921CAD /* iosTests.swift */,
			);
			path = iosTests;
			sourceTree = "<group>";
		};
		81F2C3192C58E9A000921CAD /* iosUITests */ = {
			isa = PBXGroup;
			children = (
				81F2C31A2C58E9A000921CAD /* iosUITests.swift */,
				81F2C31C2C58E9A000921CAD /* iosUITestsLaunchTests.swift */,
			);
			path = iosUITests;
			sourceTree = "<group>";
		};
/* End PBXGroup section */

/* Begin PBXNativeTarget section */
		81F2C2FA2C58E99F00921CAD /* ios */ = {
			isa = PBXNativeTarget;
			buildConfigurationList = 81F2C3202C58E9A000921CAD /* Build configuration list for PBXNativeTarget "ios" */;
			buildPhases = (
				81F2C2F72C58E99F00921CAD /* Sources */,
				81F2C2F82C58E99F00921CAD /* Frameworks */,
				81F2C2F92C58E99F00921CAD /* Resources */,
			);
			buildRules = (
			);
			dependencies = (
			);
			name = ios;
			productName = ios;
			productReference = 81F2C2FB2C58E99F00921CAD /* ios.app */;
			productType = "com.apple.product-type.application";
		};
		81F2C30B2C58E9A000921CAD /* iosTests */ = {
			isa = PBXNativeTarget;
			buildConfigurationList = 81F2C3232C58E9A000921CAD /* Build configuration list for PBXNativeTarget "iosTests" */;
			buildPhases = (
				81F2C3082C58E9A000921CAD /* Sources */,
				81F2C3092C58E9A000921CAD /* Frameworks */,
				81F2C30A2C58E9A000921CAD /* Resources */,
			);
			buildRules = (
			);
			dependencies = (
				81F2C30E2C58E9A000921CAD /* PBXTargetDependency */,
			);
			name = iosTests;
			productName = iosTests;
			productReference = 81F2C30C2C58E9A000921CAD /* iosTests.xctest */;
			productType = "com.apple.product-type.bundle.unit-test";
		};
		81F2C3152C58E9A000921CAD /* iosUITests */ = {
			isa = PBXNativeTarget;
			buildConfigurationList = 81F2C3262C58E9A000921CAD /* Build configuration list for PBXNativeTarget "iosUITests" */;
			buildPhases = (
				81F2C3122C58E9A000921CAD /* Sources */,
				81F2C3132C58E9A000921CAD /* Frameworks */,
				81F2C3142C58E9A000921CAD /* Resources */,
			);
			buildRules = (
			);
			dependencies = (
				81F2C3182C58E9A000921CAD /* PBXTargetDependency */,
			);
			name = iosUITests;
			productName = iosUITests;
			productReference = 81F2C3162C58E9A000921CAD /* iosUITests.xctest */;
			productType = "com.apple.product-type.bundle.ui-testing";
		};
/* End PBXNativeTarget section */

/* Begin PBXProject section */
		81F2C2F32C58E99F00921CAD /* Project object */ = {
			isa = PBXProject;
			attributes = {
				BuildIndependentTargetsInParallel = 1;
				LastSwiftUpdateCheck = 1530;
				LastUpgradeCheck = 1530;
				TargetAttributes = {
					81F2C2FA2C58E99F00921CAD = {
						CreatedOnToolsVersion = 15.3;
					};
					81F2C30B2C58E9A000921CAD = {
						CreatedOnToolsVersion = 15.3;
						TestTargetID = 81F2C2FA2C58E99F00921CAD;
					};
					81F2C3152C58E9A000921CAD = {
						CreatedOnToolsVersion = 15.3;
						TestTargetID = 81F2C2FA2C58E99F00921CAD;
					};
				};
			};
			buildConfigurationList = 81F2C2F62C58E99F00921CAD /* Build configuration list for PBXProject "ios" */;
			compatibilityVersion = "Xcode 14.0";
			developmentRegion = en;
			hasScannedForEncodings = 0;
			knownRegions = (
				en,
				Base,
			);
			mainGroup = 81F2C2F22C58E99F00921CAD;
			productRefGroup = 81F2C2FC2C58E99F00921CAD /* Products */;
			projectDirPath = "";
			projectRoot = "";
			targets = (
				81F2C2FA2C58E99F00921CAD /* ios */,
				81F2C30B2C58E9A000921CAD /* iosTests */,
				81F2C3152C58E9A000921CAD /* iosUITests */,
			);
		};
/* End PBXProject section */

/* Begin PBXResourcesBuildPhase section */
		81F2C2F92C58E99F00921CAD /* Resources */ = {
			isa = PBXResourcesBuildPhase;
			buildActionMask = 2147483647;
			files = (
				81F2C3072C58E9A000921CAD /* Preview Assets.xcassets in Resources */,
				81F2C3032C58E9A000921CAD /* Assets.xcassets in Resources */,
			);
			runOnlyForDeploymentPostprocessing = 0;
		};
		81F2C30A2C58E9A000921CAD /* Resources */ = {
			isa = PBXResourcesBuildPhase;
			buildActionMask = 2147483647;
			files = (
			);
			runOnlyForDeploymentPostprocessing = 0;
		};
		81F2C3142C58E9A000921CAD /* Resources */ = {
			isa = PBXResourcesBuildPhase;
			buildActionMask = 2147483647;
			files = (
			);
			runOnlyForDeploymentPostprocessing = 0;
		};
/* End PBXResourcesBuildPhase section */

/* Begin PBXSourcesBuildPhase section */
		81F2C2F72C58E99F00921CAD /* Sources */ = {
			isa = PBXSourcesBuildPhase;
			buildActionMask = 2147483647;
			files = (
				81F2C3012C58E99F00921CAD /* ContentView.swift in Sources */,
				81F2C2FF2C58E99F00921CAD /* iosApp.swift in Sources */,
			);
			runOnlyForDeploymentPostprocessing = 0;
		};
		81F2C3082C58E9A000921CAD /* Sources */ = {
			isa = PBXSourcesBuildPhase;
			buildActionMask = 2147483647;
			files = (
				81F2C3112C58E9A000921CAD /* iosTests.swift in Sources */,
			);
			runOnlyForDeploymentPostprocessing = 0;
		};
		81F2C3122C58E9A000921CAD /* Sources */ = {
			isa = PBXSourcesBuildPhase;
			buildActionMask = 2147483647;
			files = (
				81F2C31D2C58E9A000921CAD /* iosUITestsLaunchTests.swift in Sources */,
				81F2C31B2C58E9A000921CAD /* iosUITests.swift in Sources */,
			);
			runOnlyForDeploymentPostprocessing = 0;
		};
/* End PBXSourcesBuildPhase section */

/* Begin PBXTargetDependency section */
		81F2C30E2C58E9A000921CAD /* PBXTargetDependency */ = {
			isa = PBXTargetDependency;
			target = 81F2C2FA2C58E99F00921CAD /* ios */;
			targetProxy = 81F2C30D2C58E9A000921CAD /* PBXContainerItemProxy */;
		};
		81F2C3182C58E9A000921CAD /* PBXTargetDependency */ = {
			isa = PBXTargetDependency;
			target = 81F2C2FA2C58E99F00921CAD /* ios */;
			targetProxy = 81F2C3172C58E9A000921CAD /* PBXContainerItemProxy */;
		};
/* End PBXTargetDependency section */

/* Begin XCBuildConfiguration section */
		81F2C31E2C58E9A000921CAD /* Debug */ = {
			isa = XCBuildConfiguration;
			buildSettings = {
				ALWAYS_SEARCH_USER_PATHS = NO;
				ASSETCATALOG_COMPILER_GENERATE_SWIFT_ASSET_SYMBOL_EXTENSIONS = YES;
				CLANG_ANALYZER_NONNULL = YES;
				CLANG_ANALYZER_NUMBER_OBJECT_CONVERSION = YES_AGGRESSIVE;
				CLANG_CXX_LANGUAGE_STANDARD = "gnu++20";
				CLANG_ENABLE_MODULES = YES;
				CLANG_ENABLE_OBJC_ARC = YES;
				CLANG_ENABLE_OBJC_WEAK = YES;
				CLANG_WARN_BLOCK_CAPTURE_AUTORELEASING = YES;
				CLANG_WARN_BOOL_CONVERSION = YES;
				CLANG_WARN_COMMA = YES;
				CLANG_WARN_CONSTANT_CONVERSION = YES;
				CLANG_WARN_DEPRECATED_OBJC_IMPLEMENTATIONS = YES;
				CLANG_WARN_DIRECT_OBJC_ISA_USAGE = YES_ERROR;
				CLANG_WARN_DOCUMENTATION_COMMENTS = YES;
				CLANG_WARN_EMPTY_BODY = YES;
				CLANG_WARN_ENUM_CONVERSION = YES;
				CLANG_WARN_INFINITE_RECURSION = YES;
				CLANG_WARN_INT_CONVERSION = YES;
				CLANG_WARN_NON_LITERAL_NULL_CONVERSION = YES;
				CLANG_WARN_OBJC_IMPLICIT_RETAIN_SELF = YES;
				CLANG_WARN_OBJC_LITERAL_CONVERSION = YES;
				CLANG_WARN_OBJC_ROOT_CLASS = YES_ERROR;
				CLANG_WARN_QUOTED_INCLUDE_IN_FRAMEWORK_HEADER = YES;
				CLANG_WARN_RANGE_LOOP_ANALYSIS = YES;
				CLANG_WARN_STRICT_PROTOTYPES = YES;
				CLANG_WARN_SUSPICIOUS_MOVE = YES;
				CLANG_WARN_UNGUARDED_AVAILABILITY = YES_AGGRESSIVE;
				CLANG_WARN_UNREACHABLE_CODE = YES;
				CLANG_WARN__DUPLICATE_METHOD_MATCH = YES;
				COPY_PHASE_STRIP = NO;
				DEBUG_INFORMATION_FORMAT = dwarf;
				ENABLE_STRICT_OBJC_MSGSEND = YES;
				ENABLE_TESTABILITY = YES;
				ENABLE_USER_SCRIPT_SANDBOXING = YES;
				GCC_C_LANGUAGE_STANDARD = gnu17;
				GCC_DYNAMIC_NO_PIC = NO;
				GCC_NO_COMMON_BLOCKS = YES;
				GCC_OPTIMIZATION_LEVEL = 0;
				GCC_PREPROCESSOR_DEFINITIONS = (
					"DEBUG=1",
					"$(inherited)",
				);
				GCC_WARN_64_TO_32_BIT_CONVERSION = YES;
				GCC_WARN_ABOUT_RETURN_TYPE = YES_ERROR;
				GCC_WARN_UNDECLARED_SELECTOR = YES;
				GCC_WARN_UNINITIALIZED_AUTOS = YES_AGGRESSIVE;
				GCC_WARN_UNUSED_FUNCTION = YES;
				GCC_WARN_UNUSED_VARIABLE = YES;
				LOCALIZATION_PREFERS_STRING_CATALOGS = YES;
				MTL_ENABLE_DEBUG_INFO = INCLUDE_SOURCE;
				MTL_FAST_MATH = YES;
				ONLY_ACTIVE_ARCH = YES;
				SWIFT_ACTIVE_COMPILATION_CONDITIONS = "DEBUG $(inherited)";
				SWIFT_OPTIMIZATION_LEVEL = "-Onone";
			};
			name = Debug;
		};
		81F2C31F2C58E9A000921CAD /* Release */ = {
			isa = XCBuildConfiguration;
			buildSettings = {
				ALWAYS_SEARCH_USER_PATHS = NO;
				ASSETCATALOG_COMPILER_GENERATE_SWIFT_ASSET_SYMBOL_EXTENSIONS = YES;
				CLANG_ANALYZER_NONNULL = YES;
				CLANG_ANALYZER_NUMBER_OBJECT_CONVERSION = YES_AGGRESSIVE;
				CLANG_CXX_LANGUAGE_STANDARD = "gnu++20";
				CLANG_ENABLE_MODULES = YES;
				CLANG_ENABLE_OBJC_ARC = YES;
				CLANG_ENABLE_OBJC_WEAK = YES;
				CLANG_WARN_BLOCK_CAPTURE_AUTORELEASING = YES;
				CLANG_WARN_BOOL_CONVERSION = YES;
				CLANG_WARN_COMMA = YES;
				CLANG_WARN_CONSTANT_CONVERSION = YES;
				CLANG_WARN_DEPRECATED_OBJC_IMPLEMENTATIONS = YES;
				CLANG_WARN_DIRECT_OBJC_ISA_USAGE = YES_ERROR;
				CLANG_WARN_DOCUMENTATION_COMMENTS = YES;
				CLANG_WARN_EMPTY_BODY = YES;
				CLANG_WARN_ENUM_CONVERSION = YES;
				CLANG_WARN_INFINITE_RECURSION = YES;
				CLANG_WARN_INT_CONVERSION = YES;
				CLANG_WARN_NON_LITERAL_NULL_CONVERSION = YES;
				CLANG_WARN_OBJC_IMPLICIT_RETAIN_SELF = YES;
				CLANG_WARN_OBJC_LITERAL_CONVERSION = YES;
				CLANG_WARN_OBJC_ROOT_CLASS = YES_ERROR;
				CLANG_WARN_QUOTED_INCLUDE_IN_FRAMEWORK_HEADER = YES;
				CLANG_WARN_RANGE_LOOP_ANALYSIS = YES;
				CLANG_WARN_STRICT_PROTOTYPES = YES;
				CLANG_WARN_SUSPICIOUS_MOVE = YES;
				CLANG_WARN_UNGUARDED_AVAILABILITY = YES_AGGRESSIVE;
				CLANG_WARN_UNREACHABLE_CODE = YES;
				CLANG_WARN__DUPLICATE_METHOD_MATCH = YES;
				COPY_PHASE_STRIP = NO;
				DEBUG_INFORMATION_FORMAT = "dwarf-with-dsym";
				ENABLE_NS_ASSERTIONS = NO;
				ENABLE_STRICT_OBJC_MSGSEND = YES;
				ENABLE_USER_SCRIPT_SANDBOXING = YES;
				GCC_C_LANGUAGE_STANDARD = gnu17;
				GCC_NO_COMMON_BLOCKS = YES;
				GCC_WARN_64_TO_32_BIT_CONVERSION = YES;
				GCC_WARN_ABOUT_RETURN_TYPE = YES_ERROR;
				GCC_WARN_UNDECLARED_SELECTOR = YES;
				GCC_WARN_UNINITIALIZED_AUTOS = YES_AGGRESSIVE;
				GCC_WARN_UNUSED_FUNCTION = YES;
				GCC_WARN_UNUSED_VARIABLE = YES;
				LOCALIZATION_PREFERS_STRING_CATALOGS = YES;
				MTL_ENABLE_DEBUG_INFO = NO;
				MTL_FAST_MATH = YES;
				SWIFT_COMPILATION_MODE = wholemodule;
			};
			name = Release;
		};
		81F2C3212C58E9A000921CAD /* Debug */ = {
			isa = XCBuildConfiguration;
			buildSettings = {
				ASSETCATALOG_COMPILER_APPICON_NAME = AppIcon;
				ASSETCATALOG_COMPILER_GLOBAL_ACCENT_COLOR_NAME = AccentColor;
				CODE_SIGN_ENTITLEMENTS = ios/ios.entitlements;
				CODE_SIGN_STYLE = Automatic;
				CURRENT_PROJECT_VERSION = 1;
				DEVELOPMENT_ASSET_PATHS = "\"ios/Preview Content\"";
				DEVELOPMENT_TEAM = QAMKXW5XSR;
				ENABLE_HARDENED_RUNTIME = YES;
				ENABLE_PREVIEWS = YES;
				GENERATE_INFOPLIST_FILE = YES;
				INFOPLIST_FILE = ios/Info.plist;
				"INFOPLIST_KEY_UIApplicationSceneManifest_Generation[sdk=iphoneos*]" = YES;
				"INFOPLIST_KEY_UIApplicationSceneManifest_Generation[sdk=iphonesimulator*]" = YES;
				"INFOPLIST_KEY_UIApplicationSupportsIndirectInputEvents[sdk=iphoneos*]" = YES;
				"INFOPLIST_KEY_UIApplicationSupportsIndirectInputEvents[sdk=iphonesimulator*]" = YES;
				"INFOPLIST_KEY_UILaunchScreen_Generation[sdk=iphoneos*]" = YES;
				"INFOPLIST_KEY_UILaunchScreen_Generation[sdk=iphonesimulator*]" = YES;
				"INFOPLIST_KEY_UIStatusBarStyle[sdk=iphoneos*]" = UIStatusBarStyleDefault;
				"INFOPLIST_KEY_UIStatusBarStyle[sdk=iphonesimulator*]" = UIStatusBarStyleDefault;
				INFOPLIST_KEY_UISupportedInterfaceOrientations_iPad = "UIInterfaceOrientationPortrait UIInterfaceOrientationPortraitUpsideDown UIInterfaceOrientationLandscapeLeft UIInterfaceOrientationLandscapeRight";
				INFOPLIST_KEY_UISupportedInterfaceOrientations_iPhone = "UIInterfaceOrientationPortrait UIInterfaceOrientationLandscapeLeft UIInterfaceOrientationLandscapeRight";
				IPHONEOS_DEPLOYMENT_TARGET = 17.4;
				LD_RUNPATH_SEARCH_PATHS = "@executable_path/Frameworks";
				"LD_RUNPATH_SEARCH_PATHS[sdk=macosx*]" = "@executable_path/../Frameworks";
				MACOSX_DEPLOYMENT_TARGET = 14.4;
				MARKETING_VERSION = 1.0;
				PRODUCT_BUNDLE_IDENTIFIER = test.ios;
				PRODUCT_NAME = "$(TARGET_NAME)";
				SDKROOT = auto;
				SUPPORTED_PLATFORMS = "iphoneos iphonesimulator macosx";
				SWIFT_EMIT_LOC_STRINGS = YES;
				SWIFT_VERSION = 5.0;
				TARGETED_DEVICE_FAMILY = "1,2";
			};
			name = Debug;
		};
		81F2C3222C58E9A000921CAD /* Release */ = {
			isa = XCBuildConfiguration;
			buildSettings = {
				ASSETCATALOG_COMPILER_APPICON_NAME = AppIcon;
				ASSETCATALOG_COMPILER_GLOBAL_ACCENT_COLOR_NAME = AccentColor;
				CODE_SIGN_ENTITLEMENTS = ios/ios.entitlements;
				CODE_SIGN_STYLE = Automatic;
				CURRENT_PROJECT_VERSION = 1;
				DEVELOPMENT_ASSET_PATHS = "\"ios/Preview Content\"";
				DEVELOPMENT_TEAM = QAMKXW5XSR;
				ENABLE_HARDENED_RUNTIME = YES;
				ENABLE_PREVIEWS = YES;
				GENERATE_INFOPLIST_FILE = YES;
				INFOPLIST_FILE = ios/Info.plist;
				"INFOPLIST_KEY_UIApplicationSceneManifest_Generation[sdk=iphoneos*]" = YES;
				"INFOPLIST_KEY_UIApplicationSceneManifest_Generation[sdk=iphonesimulator*]" = YES;
				"INFOPLIST_KEY_UIApplicationSupportsIndirectInputEvents[sdk=iphoneos*]" = YES;
				"INFOPLIST_KEY_UIApplicationSupportsIndirectInputEvents[sdk=iphonesimulator*]" = YES;
				"INFOPLIST_KEY_UILaunchScreen_Generation[sdk=iphoneos*]" = YES;
				"INFOPLIST_KEY_UILaunchScreen_Generation[sdk=iphonesimulator*]" = YES;
				"INFOPLIST_KEY_UIStatusBarStyle[sdk=iphoneos*]" = UIStatusBarStyleDefault;
				"INFOPLIST_KEY_UIStatusBarStyle[sdk=iphonesimulator*]" = UIStatusBarStyleDefault;
				INFOPLIST_KEY_UISupportedInterfaceOrientations_iPad = "UIInterfaceOrientationPortrait UIInterfaceOrientationPortraitUpsideDown UIInterfaceOrientationLandscapeLeft UIInterfaceOrientationLandscapeRight";
				INFOPLIST_KEY_UISupportedInterfaceOrientations_iPhone = "UIInterfaceOrientationPortrait UIInterfaceOrientationLandscapeLeft UIInterfaceOrientationLandscapeRight";
				IPHONEOS_DEPLOYMENT_TARGET = 17.4;
				LD_RUNPATH_SEARCH_PATHS = "@executable_path/Frameworks";
				"LD_RUNPATH_SEARCH_PATHS[sdk=macosx*]" = "@executable_path/../Frameworks";
				MACOSX_DEPLOYMENT_TARGET = 14.4;
				MARKETING_VERSION = 1.0;
				PRODUCT_BUNDLE_IDENTIFIER = test.ios;
				PRODUCT_NAME = "$(TARGET_NAME)";
				SDKROOT = auto;
				SUPPORTED_PLATFORMS = "iphoneos iphonesimulator macosx";
				SWIFT_EMIT_LOC_STRINGS = YES;
				SWIFT_VERSION = 5.0;
				TARGETED_DEVICE_FAMILY = "1,2";
			};
			name = Release;
		};
		81F2C3242C58E9A000921CAD /* Debug */ = {
			isa = XCBuildConfiguration;
			buildSettings = {
				ALWAYS_EMBED_SWIFT_STANDARD_LIBRARIES = YES;
				BUNDLE_LOADER = "$(TEST_HOST)";
				CODE_SIGN_STYLE = Automatic;
				CURRENT_PROJECT_VERSION = 1;
				DEVELOPMENT_TEAM = QAMKXW5XSR;
				GENERATE_INFOPLIST_FILE = YES;
				IPHONEOS_DEPLOYMENT_TARGET = 17.4;
				MACOSX_DEPLOYMENT_TARGET = 14.4;
				MARKETING_VERSION = 1.0;
				PRODUCT_BUNDLE_IDENTIFIER = test.iosTests;
				PRODUCT_NAME = "$(TARGET_NAME)";
				SDKROOT = auto;
				SUPPORTED_PLATFORMS = "iphoneos iphonesimulator macosx";
				SWIFT_EMIT_LOC_STRINGS = NO;
				SWIFT_VERSION = 5.0;
				TARGETED_DEVICE_FAMILY = "1,2";
				TEST_HOST = "$(BUILT_PRODUCTS_DIR)/ios.app/$(BUNDLE_EXECUTABLE_FOLDER_PATH)/ios";
			};
			name = Debug;
		};
		81F2C3252C58E9A000921CAD /* Release */ = {
			isa = XCBuildConfiguration;
			buildSettings = {
				ALWAYS_EMBED_SWIFT_STANDARD_LIBRARIES = YES;
				BUNDLE_LOADER = "$(TEST_HOST)";
				CODE_SIGN_STYLE = Automatic;
				CURRENT_PROJECT_VERSION = 1;
				DEVELOPMENT_TEAM = QAMKXW5XSR;
				GENERATE_INFOPLIST_FILE = YES;
				IPHONEOS_DEPLOYMENT_TARGET = 17.4;
				MACOSX_DEPLOYMENT_TARGET = 14.4;
				MARKETING_VERSION = 1.0;
				PRODUCT_BUNDLE_IDENTIFIER = test.iosTests;
				PRODUCT_NAME = "$(TARGET_NAME)";
				SDKROOT = auto;
				SUPPORTED_PLATFORMS = "iphoneos iphonesimulator macosx";
				SWIFT_EMIT_LOC_STRINGS = NO;
				SWIFT_VERSION = 5.0;
				TARGETED_DEVICE_FAMILY = "1,2";
				TEST_HOST = "$(BUILT_PRODUCTS_DIR)/ios.app/$(BUNDLE_EXECUTABLE_FOLDER_PATH)/ios";
			};
			name = Release;
		};
		81F2C3272C58E9A000921CAD /* Debug */ = {
			isa = XCBuildConfiguration;
			buildSettings = {
				ALWAYS_EMBED_SWIFT_STANDARD_LIBRARIES = YES;
				CODE_SIGN_STYLE = Automatic;
				CURRENT_PROJECT_VERSION = 1;
				DEVELOPMENT_TEAM = QAMKXW5XSR;
				GENERATE_INFOPLIST_FILE = YES;
				IPHONEOS_DEPLOYMENT_TARGET = 17.4;
				MACOSX_DEPLOYMENT_TARGET = 14.4;
				MARKETING_VERSION = 1.0;
				PRODUCT_BUNDLE_IDENTIFIER = test.iosUITests;
				PRODUCT_NAME = "$(TARGET_NAME)";
				SDKROOT = auto;
				SUPPORTED_PLATFORMS = "iphoneos iphonesimulator macosx";
				SWIFT_EMIT_LOC_STRINGS = NO;
				SWIFT_VERSION = 5.0;
				TARGETED_DEVICE_FAMILY = "1,2";
				TEST_TARGET_NAME = ios;
			};
			name = Debug;
		};
		81F2C3282C58E9A000921CAD /* Release */ = {
			isa = XCBuildConfiguration;
			buildSettings = {
				ALWAYS_EMBED_SWIFT_STANDARD_LIBRARIES = YES;
				CODE_SIGN_STYLE = Automatic;
				CURRENT_PROJECT_VERSION = 1;
				DEVELOPMENT_TEAM = QAMKXW5XSR;
				GENERATE_INFOPLIST_FILE = YES;
				IPHONEOS_DEPLOYMENT_TARGET = 17.4;
				MACOSX_DEPLOYMENT_TARGET = 14.4;
				MARKETING_VERSION = 1.0;
				PRODUCT_BUNDLE_IDENTIFIER = test.iosUITests;
				PRODUCT_NAME = "$(TARGET_NAME)";
				SDKROOT = auto;
				SUPPORTED_PLATFORMS = "iphoneos iphonesimulator macosx";
				SWIFT_EMIT_LOC_STRINGS = NO;
				SWIFT_VERSION = 5.0;
				TARGETED_DEVICE_FAMILY = "1,2";
				TEST_TARGET_NAME = ios;
			};
			name = Release;
		};
/* End XCBuildConfiguration section */

/* Begin XCConfigurationList section */
		81F2C2F62C58E99F00921CAD /* Build configuration list for PBXProject "ios" */ = {
			isa = XCConfigurationList;
			buildConfigurations = (
				81F2C31E2C58E9A000921CAD /* Debug */,
				81F2C31F2C58E9A000921CAD /* Release */,
			);
			defaultConfigurationIsVisible = 0;
			defaultConfigurationName = Release;
		};
		81F2C3202C58E9A000921CAD /* Build configuration list for PBXNativeTarget "ios" */ = {
			isa = XCConfigurationList;
			buildConfigurations = (
				81F2C3212C58E9A000921CAD /* Debug */,
				81F2C3222C58E9A000921CAD /* Release */,
			);
			defaultConfigurationIsVisible = 0;
			defaultConfigurationName = Release;
		};
		81F2C3232C58E9A000921CAD /* Build configuration list for PBXNativeTarget "iosTests" */ = {
			isa = XCConfigurationList;
			buildConfigurations = (
				81F2C3242C58E9A000921CAD /* Debug */,
				81F2C3252C58E9A000921CAD /* Release */,
			);
			defaultConfigurationIsVisible = 0;
			defaultConfigurationName = Release;
		};
		81F2C3262C58E9A000921CAD /* Build configuration list for PBXNativeTarget "iosUITests" */ = {
			isa = XCConfigurationList;
			buildConfigurations = (
				81F2C3272C58E9A000921CAD /* Debug */,
				81F2C3282C58E9A000921CAD /* Release */,
			);
			defaultConfigurationIsVisible = 0;
			defaultConfigurationName = Release;
		};
/* End XCConfigurationList section */
	};
	rootObject = 81F2C2F32C58E99F00921CAD /* Project object */;
}
